<?xml version="1.0" encoding="UTF-8" standalone="yes" ?>
<CodeBlocks_project_file>
	<FileVersion major="1" minor="6" />
	<Project>
		<Option title="noughtsandcrosses" />
		<Option pch_mode="2" />
		<Option compiler="gcc" />
		<Build>
			<Target title="Debug32Linux">
				<Option output="debug/bin-debug32linux/noughtsandcrosses" prefix_auto="1" extension_auto="1" />
				<Option object_output="obj/debug32linux/" />
				<Option type="1" />
				<Option compiler="gcc" />
				<Compiler>
					<Add option="-g" />
					<Add option="-DDEBUG" />
					<Add directory="include" />
					<Add directory="include/ai" />
				</Compiler>
			</Target>
			<Target title="Release32Linux">
				<Option output="bin32linux/noughtsandcrosses" prefix_auto="1" extension_auto="1" />
				<Option object_output="obj/release32linux/" />
				<Option type="1" />
				<Option compiler="gcc" />
				<Compiler>
					<Add option="-O3" />
					<Add option="-DNDEBUG" />
					<Add directory="include" />
					<Add directory="include/ai" />
				</Compiler>
				<Linker>
					<Add option="-s" />
				</Linker>
			</Target>
			<Target title="Debug64win">
				<Option output="debug/bin-debug64win/noughtsandcrosses" prefix_auto="1" extension_auto="1" />
				<Option object_output="obj/debug64win/" />
				<Option type="1" />
				<Option compiler="gcc" />
				<Compiler>
					<Add option="-m64" />
					<Add option="-g" />
					<Add option="-DDEBUG" />
					<Add directory="include" />
					<Add directory="include/ai" />
				</Compiler>
				<Linker>
					<Add option="-m64" />
				</Linker>
			</Target>
			<Target title="Release64win">
				<Option output="bin64win/noughtsandcrosses" prefix_auto="1" extension_auto="1" />
				<Option object_output="obj/release64win/" />
				<Option type="1" />
				<Option compiler="gcc" />
				<Compiler>
					<Add option="-O3" />
					<Add option="-m64" />
					<Add option="-DNDEBUG" />
					<Add directory="include" />
					<Add directory="include/ai" />
				</Compiler>
				<Linker>
					<Add option="-s" />
					<Add option="-m64" />
				</Linker>
			</Target>
		</Build>
		<Compiler>
			<Add option="-Wnon-virtual-dtor" />
			<Add option="-Wredundant-decls" />
			<Add option="-Wfloat-equal" />
			<Add option="-Winline" />
			<Add option="-Wunreachable-code" />
			<Add option="-Wmissing-declarations" />
			<Add option="-Wmissing-include-dirs" />
			<Add option="-fexceptions" />
		</Compiler>
		<Unit filename="include/ai/ai.h" />
		<Unit filename="include/ai/ai_estimates_field.h" />
		<Unit filename="include/ai/ai_move.h" />
		<Unit filename="include/ai/ai_options.h" />
		<Unit filename="include/ai/ai_position.h" />
		<Unit filename="include/ai/ai_position_directory.h" />
		<Unit filename="include/comment.hpp" />
		<Unit filename="include/debug_code.hpp" />
		<Unit filename="include/json_nlohmann/json.hpp" />
		<Unit filename="include/json_parse.h" />
		<Unit filename="include/lines.h" />
		<Unit filename="include/lines_field.hpp" />
		<Unit filename="include/logname.h" />
		<Unit filename="include/read_post.h" />
		<Unit filename="main.cpp" />
		<Unit filename="src/ai/ai.cpp" />
		<Unit filename="src/ai/ai_estimates_field.cpp" />
		<Unit filename="src/ai/ai_move.cpp" />
		<Unit filename="src/ai/ai_options.cpp" />
		<Unit filename="src/ai/ai_position.cpp" />
		<Unit filename="src/ai/ai_position_directory.cpp" />
		<Unit filename="src/json_parse.cpp" />
		<Unit filename="src/lines.cpp" />
		<Unit filename="src/logname.cpp" />
		<Extensions>
			<code_completion />
			<envvars />
			<debugger />
			<lib_finder disable_auto="1" />
		</Extensions>
	</Project>
</CodeBlocks_project_file>
